
Microsoft Visual Studio Solution File, Format Version 12.00
# Visual Studio Version 17
VisualStudioVersion = 17.1.32210.238
MinimumVisualStudioVersion = 10.0.40219.1
Project("{FAE04EC0-301F-11D3-BF4B-00C04F79EFBC}") = "Tamrin", "Tamrin\Tamrin.csproj", "{73AA2D8F-44B0-4153-A2B8-24C86FAC844E}"
EndProject
Global
	GlobalSection(SolutionConfigurationPlatforms) = preSolution
		Debug|Any CPU = Debug|Any CPU
		Release|Any CPU = Release|Any CPU
	EndGlobalSection
	GlobalSection(ProjectConfigurationPlatforms) = postSolution
		{73AA2D8F-44B0-4153-A2B8-24C86FAC844E}.Debug|Any CPU.ActiveCfg = Debug|Any CPU
		{73AA2D8F-44B0-4153-A2B8-24C86FAC844E}.Debug|Any CPU.Build.0 = Debug|Any CPU
		{73AA2D8F-44B0-4153-A2B8-24C86FAC844E}.Release|Any CPU.ActiveCfg = Release|Any CPU
		{73AA2D8F-44B0-4153-A2B8-24C86FAC844E}.Release|Any CPU.Build.0 = Release|Any CPU
	EndGlobalSection
	GlobalSection(SolutionProperties) = preSolution
		HideSolutionNode = FALSE
	EndGlobalSection
	GlobalSection(ExtensibilityGlobals) = postSolution
		SolutionGuid = {C25B383D-0BE9-4DFE-818A-D0FE839C55CC}
	EndGlobalSection
EndGlobal
