
Microsoft Visual Studio Solution File, Format Version 12.00
# Visual Studio Version 17
VisualStudioVersion = 17.0.32126.317
MinimumVisualStudioVersion = 10.0.40219.1
Project("{FAE04EC0-301F-11D3-BF4B-00C04F79EFBC}") = "Fridge OOP", "Fridge OOP\Fridge OOP.csproj", "{5C88A2AD-633B-4B50-9BFF-D73628510A35}"
EndProject
Global
	GlobalSection(SolutionConfigurationPlatforms) = preSolution
		Debug|Any CPU = Debug|Any CPU
		Release|Any CPU = Release|Any CPU
	EndGlobalSection
	GlobalSection(ProjectConfigurationPlatforms) = postSolution
		{5C88A2AD-633B-4B50-9BFF-D73628510A35}.Debug|Any CPU.ActiveCfg = Debug|Any CPU
		{5C88A2AD-633B-4B50-9BFF-D73628510A35}.Debug|Any CPU.Build.0 = Debug|Any CPU
		{5C88A2AD-633B-4B50-9BFF-D73628510A35}.Release|Any CPU.ActiveCfg = Release|Any CPU
		{5C88A2AD-633B-4B50-9BFF-D73628510A35}.Release|Any CPU.Build.0 = Release|Any CPU
	EndGlobalSection
	GlobalSection(SolutionProperties) = preSolution
		HideSolutionNode = FALSE
	EndGlobalSection
	GlobalSection(ExtensibilityGlobals) = postSolution
		SolutionGuid = {B2B171F9-D29C-4791-AEE3-DA20E438B583}
	EndGlobalSection
EndGlobal
